
Microsoft Visual Studio Solution File, Format Version 12.00
# Visual Studio Version 17
VisualStudioVersion = 17.1.32421.90
MinimumVisualStudioVersion = 10.0.40219.1
Project("{FAE04EC0-301F-11D3-BF4B-00C04F79EFBC}") = "consoleAppEmploye", "consoleAppEmploye\consoleAppEmploye.csproj", "{02E58327-4C62-44EC-A2BF-601D61AED31F}"
EndProject
Global
	GlobalSection(SolutionConfigurationPlatforms) = preSolution
		Debug|Any CPU = Debug|Any CPU
		Release|Any CPU = Release|Any CPU
	EndGlobalSection
	GlobalSection(ProjectConfigurationPlatforms) = postSolution
		{02E58327-4C62-44EC-A2BF-601D61AED31F}.Debug|Any CPU.ActiveCfg = Debug|Any CPU
		{02E58327-4C62-44EC-A2BF-601D61AED31F}.Debug|Any CPU.Build.0 = Debug|Any CPU
		{02E58327-4C62-44EC-A2BF-601D61AED31F}.Release|Any CPU.ActiveCfg = Release|Any CPU
		{02E58327-4C62-44EC-A2BF-601D61AED31F}.Release|Any CPU.Build.0 = Release|Any CPU
	EndGlobalSection
	GlobalSection(SolutionProperties) = preSolution
		HideSolutionNode = FALSE
	EndGlobalSection
	GlobalSection(ExtensibilityGlobals) = postSolution
		SolutionGuid = {836436BC-F3AE-4339-8683-3A4ED6B7E252}
	EndGlobalSection
EndGlobal
