
Microsoft Visual Studio Solution File, Format Version 12.00
# Visual Studio Version 17
VisualStudioVersion = 17.2.32505.173
MinimumVisualStudioVersion = 10.0.40219.1
Project("{FAE04EC0-301F-11D3-BF4B-00C04F79EFBC}") = "Employee", "Employee\Employee.csproj", "{B6F6BE9A-62B0-49F9-B036-912F549BCAEA}"
EndProject
Global
	GlobalSection(SolutionConfigurationPlatforms) = preSolution
		Debug|Any CPU = Debug|Any CPU
		Release|Any CPU = Release|Any CPU
	EndGlobalSection
	GlobalSection(ProjectConfigurationPlatforms) = postSolution
		{B6F6BE9A-62B0-49F9-B036-912F549BCAEA}.Debug|Any CPU.ActiveCfg = Debug|Any CPU
		{B6F6BE9A-62B0-49F9-B036-912F549BCAEA}.Debug|Any CPU.Build.0 = Debug|Any CPU
		{B6F6BE9A-62B0-49F9-B036-912F549BCAEA}.Release|Any CPU.ActiveCfg = Release|Any CPU
		{B6F6BE9A-62B0-49F9-B036-912F549BCAEA}.Release|Any CPU.Build.0 = Release|Any CPU
	EndGlobalSection
	GlobalSection(SolutionProperties) = preSolution
		HideSolutionNode = FALSE
	EndGlobalSection
	GlobalSection(ExtensibilityGlobals) = postSolution
		SolutionGuid = {5087C0CF-1698-412B-A7EE-B66F2E112ECE}
	EndGlobalSection
EndGlobal
