
Microsoft Visual Studio Solution File, Format Version 12.00
# Visual Studio Version 17
VisualStudioVersion = 17.1.32421.90
MinimumVisualStudioVersion = 10.0.40219.1
Project("{FAE04EC0-301F-11D3-BF4B-00C04F79EFBC}") = "NamedCollection", "NamedCollection\NamedCollection.csproj", "{D1BDA22D-32C3-4765-A5D6-CADA67830591}"
EndProject
Global
	GlobalSection(SolutionConfigurationPlatforms) = preSolution
		Debug|Any CPU = Debug|Any CPU
		Release|Any CPU = Release|Any CPU
	EndGlobalSection
	GlobalSection(ProjectConfigurationPlatforms) = postSolution
		{D1BDA22D-32C3-4765-A5D6-CADA67830591}.Debug|Any CPU.ActiveCfg = Debug|Any CPU
		{D1BDA22D-32C3-4765-A5D6-CADA67830591}.Debug|Any CPU.Build.0 = Debug|Any CPU
		{D1BDA22D-32C3-4765-A5D6-CADA67830591}.Release|Any CPU.ActiveCfg = Release|Any CPU
		{D1BDA22D-32C3-4765-A5D6-CADA67830591}.Release|Any CPU.Build.0 = Release|Any CPU
	EndGlobalSection
	GlobalSection(SolutionProperties) = preSolution
		HideSolutionNode = FALSE
	EndGlobalSection
	GlobalSection(ExtensibilityGlobals) = postSolution
		SolutionGuid = {0347289C-BD79-431A-99AF-1415D72B24C3}
	EndGlobalSection
EndGlobal
