
Microsoft Visual Studio Solution File, Format Version 12.00
# Visual Studio Version 17
VisualStudioVersion = 17.1.32421.90
MinimumVisualStudioVersion = 10.0.40219.1
Project("{FAE04EC0-301F-11D3-BF4B-00C04F79EFBC}") = "NameCollectorTask", "NameCollectorTask\NameCollectorTask.csproj", "{D60538CA-A3DC-490E-9EF7-9588B470BB50}"
EndProject
Global
	GlobalSection(SolutionConfigurationPlatforms) = preSolution
		Debug|Any CPU = Debug|Any CPU
		Release|Any CPU = Release|Any CPU
	EndGlobalSection
	GlobalSection(ProjectConfigurationPlatforms) = postSolution
		{D60538CA-A3DC-490E-9EF7-9588B470BB50}.Debug|Any CPU.ActiveCfg = Debug|Any CPU
		{D60538CA-A3DC-490E-9EF7-9588B470BB50}.Debug|Any CPU.Build.0 = Debug|Any CPU
		{D60538CA-A3DC-490E-9EF7-9588B470BB50}.Release|Any CPU.ActiveCfg = Release|Any CPU
		{D60538CA-A3DC-490E-9EF7-9588B470BB50}.Release|Any CPU.Build.0 = Release|Any CPU
	EndGlobalSection
	GlobalSection(SolutionProperties) = preSolution
		HideSolutionNode = FALSE
	EndGlobalSection
	GlobalSection(ExtensibilityGlobals) = postSolution
		SolutionGuid = {D63C9750-087B-4A31-9E85-3DBF8921D1B9}
	EndGlobalSection
EndGlobal
