
Microsoft Visual Studio Solution File, Format Version 12.00
# Visual Studio Version 17
VisualStudioVersion = 17.1.32421.90
MinimumVisualStudioVersion = 10.0.40219.1
Project("{FAE04EC0-301F-11D3-BF4B-00C04F79EFBC}") = "Employee", "Employee\Employee.csproj", "{545C62AF-819F-4D91-9241-3E7C7145F4E6}"
EndProject
Global
	GlobalSection(SolutionConfigurationPlatforms) = preSolution
		Debug|Any CPU = Debug|Any CPU
		Release|Any CPU = Release|Any CPU
	EndGlobalSection
	GlobalSection(ProjectConfigurationPlatforms) = postSolution
		{545C62AF-819F-4D91-9241-3E7C7145F4E6}.Debug|Any CPU.ActiveCfg = Debug|Any CPU
		{545C62AF-819F-4D91-9241-3E7C7145F4E6}.Debug|Any CPU.Build.0 = Debug|Any CPU
		{545C62AF-819F-4D91-9241-3E7C7145F4E6}.Release|Any CPU.ActiveCfg = Release|Any CPU
		{545C62AF-819F-4D91-9241-3E7C7145F4E6}.Release|Any CPU.Build.0 = Release|Any CPU
	EndGlobalSection
	GlobalSection(SolutionProperties) = preSolution
		HideSolutionNode = FALSE
	EndGlobalSection
	GlobalSection(ExtensibilityGlobals) = postSolution
		SolutionGuid = {12CA9B82-2EB4-4356-9972-10664628E649}
	EndGlobalSection
EndGlobal
