
Microsoft Visual Studio Solution File, Format Version 12.00
# Visual Studio Version 17
VisualStudioVersion = 17.1.32421.90
MinimumVisualStudioVersion = 10.0.40219.1
Project("{FAE04EC0-301F-11D3-BF4B-00C04F79EFBC}") = "Smartphone", "Smartphone\Smartphone.csproj", "{396924A2-B1A4-4A65-B949-6AFDC9D83937}"
EndProject
Global
	GlobalSection(SolutionConfigurationPlatforms) = preSolution
		Debug|Any CPU = Debug|Any CPU
		Release|Any CPU = Release|Any CPU
	EndGlobalSection
	GlobalSection(ProjectConfigurationPlatforms) = postSolution
		{396924A2-B1A4-4A65-B949-6AFDC9D83937}.Debug|Any CPU.ActiveCfg = Debug|Any CPU
		{396924A2-B1A4-4A65-B949-6AFDC9D83937}.Debug|Any CPU.Build.0 = Debug|Any CPU
		{396924A2-B1A4-4A65-B949-6AFDC9D83937}.Release|Any CPU.ActiveCfg = Release|Any CPU
		{396924A2-B1A4-4A65-B949-6AFDC9D83937}.Release|Any CPU.Build.0 = Release|Any CPU
	EndGlobalSection
	GlobalSection(SolutionProperties) = preSolution
		HideSolutionNode = FALSE
	EndGlobalSection
	GlobalSection(ExtensibilityGlobals) = postSolution
		SolutionGuid = {517B0164-75E1-4188-B41B-F01908FA33F7}
	EndGlobalSection
EndGlobal
