
Microsoft Visual Studio Solution File, Format Version 12.00
# Visual Studio Version 17
VisualStudioVersion = 17.0.32112.339
MinimumVisualStudioVersion = 10.0.40219.1
Project("{FAE04EC0-301F-11D3-BF4B-00C04F79EFBC}") = "ConsoleAppEmployee", "ConsoleAppEmployee.csproj", "{6A747448-DD5C-4BCE-B5CA-06EBBA93DF3C}"
EndProject
Global
	GlobalSection(SolutionConfigurationPlatforms) = preSolution
		Debug|Any CPU = Debug|Any CPU
		Release|Any CPU = Release|Any CPU
	EndGlobalSection
	GlobalSection(ProjectConfigurationPlatforms) = postSolution
		{6A747448-DD5C-4BCE-B5CA-06EBBA93DF3C}.Debug|Any CPU.ActiveCfg = Debug|Any CPU
		{6A747448-DD5C-4BCE-B5CA-06EBBA93DF3C}.Debug|Any CPU.Build.0 = Debug|Any CPU
		{6A747448-DD5C-4BCE-B5CA-06EBBA93DF3C}.Release|Any CPU.ActiveCfg = Release|Any CPU
		{6A747448-DD5C-4BCE-B5CA-06EBBA93DF3C}.Release|Any CPU.Build.0 = Release|Any CPU
	EndGlobalSection
	GlobalSection(SolutionProperties) = preSolution
		HideSolutionNode = FALSE
	EndGlobalSection
	GlobalSection(ExtensibilityGlobals) = postSolution
		SolutionGuid = {5B01D409-D5F9-4418-A3C8-DE111891F51E}
	EndGlobalSection
EndGlobal
