
Microsoft Visual Studio Solution File, Format Version 12.00
# Visual Studio Version 17
VisualStudioVersion = 17.1.32421.90
MinimumVisualStudioVersion = 10.0.40219.1
Project("{FAE04EC0-301F-11D3-BF4B-00C04F79EFBC}") = "ConsoleAppPerson", "Person\ConsoleAppPerson.csproj", "{F6704AA9-209B-4FC9-B8D5-056666F2961E}"
EndProject
Global
	GlobalSection(SolutionConfigurationPlatforms) = preSolution
		Debug|Any CPU = Debug|Any CPU
		Release|Any CPU = Release|Any CPU
	EndGlobalSection
	GlobalSection(ProjectConfigurationPlatforms) = postSolution
		{F6704AA9-209B-4FC9-B8D5-056666F2961E}.Debug|Any CPU.ActiveCfg = Debug|Any CPU
		{F6704AA9-209B-4FC9-B8D5-056666F2961E}.Debug|Any CPU.Build.0 = Debug|Any CPU
		{F6704AA9-209B-4FC9-B8D5-056666F2961E}.Release|Any CPU.ActiveCfg = Release|Any CPU
		{F6704AA9-209B-4FC9-B8D5-056666F2961E}.Release|Any CPU.Build.0 = Release|Any CPU
	EndGlobalSection
	GlobalSection(SolutionProperties) = preSolution
		HideSolutionNode = FALSE
	EndGlobalSection
	GlobalSection(ExtensibilityGlobals) = postSolution
		SolutionGuid = {4E888588-8083-4A8E-B5F9-695B12FE3724}
	EndGlobalSection
EndGlobal
