
Microsoft Visual Studio Solution File, Format Version 12.00
# Visual Studio Version 17
VisualStudioVersion = 17.1.32421.90
MinimumVisualStudioVersion = 10.0.40219.1
Project("{FAE04EC0-301F-11D3-BF4B-00C04F79EFBC}") = "PayRollTask", "Organization\PayRollTask.csproj", "{9D1580DD-DB28-4E97-A3C3-9B5A4C7A1BF5}"
EndProject
Global
	GlobalSection(SolutionConfigurationPlatforms) = preSolution
		Debug|Any CPU = Debug|Any CPU
		Release|Any CPU = Release|Any CPU
	EndGlobalSection
	GlobalSection(ProjectConfigurationPlatforms) = postSolution
		{9D1580DD-DB28-4E97-A3C3-9B5A4C7A1BF5}.Debug|Any CPU.ActiveCfg = Debug|Any CPU
		{9D1580DD-DB28-4E97-A3C3-9B5A4C7A1BF5}.Debug|Any CPU.Build.0 = Debug|Any CPU
		{9D1580DD-DB28-4E97-A3C3-9B5A4C7A1BF5}.Release|Any CPU.ActiveCfg = Release|Any CPU
		{9D1580DD-DB28-4E97-A3C3-9B5A4C7A1BF5}.Release|Any CPU.Build.0 = Release|Any CPU
	EndGlobalSection
	GlobalSection(SolutionProperties) = preSolution
		HideSolutionNode = FALSE
	EndGlobalSection
	GlobalSection(ExtensibilityGlobals) = postSolution
		SolutionGuid = {3D99C812-5589-410B-A9ED-30D1F58272FB}
	EndGlobalSection
EndGlobal
