
Microsoft Visual Studio Solution File, Format Version 12.00
# Visual Studio Version 17
VisualStudioVersion = 17.1.32421.90
MinimumVisualStudioVersion = 10.0.40219.1
Project("{FAE04EC0-301F-11D3-BF4B-00C04F79EFBC}") = "EmailApp", "EmailApp\EmailApp.csproj", "{6968DFE4-2C51-49E4-9465-BF96EB8DA8BA}"
EndProject
Global
	GlobalSection(SolutionConfigurationPlatforms) = preSolution
		Debug|Any CPU = Debug|Any CPU
		Release|Any CPU = Release|Any CPU
	EndGlobalSection
	GlobalSection(ProjectConfigurationPlatforms) = postSolution
		{6968DFE4-2C51-49E4-9465-BF96EB8DA8BA}.Debug|Any CPU.ActiveCfg = Debug|Any CPU
		{6968DFE4-2C51-49E4-9465-BF96EB8DA8BA}.Debug|Any CPU.Build.0 = Debug|Any CPU
		{6968DFE4-2C51-49E4-9465-BF96EB8DA8BA}.Release|Any CPU.ActiveCfg = Release|Any CPU
		{6968DFE4-2C51-49E4-9465-BF96EB8DA8BA}.Release|Any CPU.Build.0 = Release|Any CPU
	EndGlobalSection
	GlobalSection(SolutionProperties) = preSolution
		HideSolutionNode = FALSE
	EndGlobalSection
	GlobalSection(ExtensibilityGlobals) = postSolution
		SolutionGuid = {5B94E907-968A-4CAC-9842-5C8561A7D214}
	EndGlobalSection
EndGlobal
