
Microsoft Visual Studio Solution File, Format Version 12.00
# Visual Studio Version 17
VisualStudioVersion = 17.1.32421.90
MinimumVisualStudioVersion = 10.0.40219.1
Project("{FAE04EC0-301F-11D3-BF4B-00C04F79EFBC}") = "Collection", "Collection\Collection.csproj", "{7BC2BD3D-69A2-4309-8FDE-6564C17489D4}"
EndProject
Global
	GlobalSection(SolutionConfigurationPlatforms) = preSolution
		Debug|Any CPU = Debug|Any CPU
		Release|Any CPU = Release|Any CPU
	EndGlobalSection
	GlobalSection(ProjectConfigurationPlatforms) = postSolution
		{7BC2BD3D-69A2-4309-8FDE-6564C17489D4}.Debug|Any CPU.ActiveCfg = Debug|Any CPU
		{7BC2BD3D-69A2-4309-8FDE-6564C17489D4}.Debug|Any CPU.Build.0 = Debug|Any CPU
		{7BC2BD3D-69A2-4309-8FDE-6564C17489D4}.Release|Any CPU.ActiveCfg = Release|Any CPU
		{7BC2BD3D-69A2-4309-8FDE-6564C17489D4}.Release|Any CPU.Build.0 = Release|Any CPU
	EndGlobalSection
	GlobalSection(SolutionProperties) = preSolution
		HideSolutionNode = FALSE
	EndGlobalSection
	GlobalSection(ExtensibilityGlobals) = postSolution
		SolutionGuid = {F7C35453-E285-486B-8324-6340C46D9FB6}
	EndGlobalSection
EndGlobal
