
Microsoft Visual Studio Solution File, Format Version 12.00
# Visual Studio Version 17
VisualStudioVersion = 17.1.32421.90
MinimumVisualStudioVersion = 10.0.40219.1
Project("{FAE04EC0-301F-11D3-BF4B-00C04F79EFBC}") = "PassBookTask", "PassBookTask\PassBookTask.csproj", "{04BD19A9-F9CB-4AA1-90A0-7CFA03BBBB1F}"
EndProject
Global
	GlobalSection(SolutionConfigurationPlatforms) = preSolution
		Debug|Any CPU = Debug|Any CPU
		Release|Any CPU = Release|Any CPU
	EndGlobalSection
	GlobalSection(ProjectConfigurationPlatforms) = postSolution
		{04BD19A9-F9CB-4AA1-90A0-7CFA03BBBB1F}.Debug|Any CPU.ActiveCfg = Debug|Any CPU
		{04BD19A9-F9CB-4AA1-90A0-7CFA03BBBB1F}.Debug|Any CPU.Build.0 = Debug|Any CPU
		{04BD19A9-F9CB-4AA1-90A0-7CFA03BBBB1F}.Release|Any CPU.ActiveCfg = Release|Any CPU
		{04BD19A9-F9CB-4AA1-90A0-7CFA03BBBB1F}.Release|Any CPU.Build.0 = Release|Any CPU
	EndGlobalSection
	GlobalSection(SolutionProperties) = preSolution
		HideSolutionNode = FALSE
	EndGlobalSection
	GlobalSection(ExtensibilityGlobals) = postSolution
		SolutionGuid = {2C828820-903E-4701-B6F4-47EB6717A66E}
	EndGlobalSection
EndGlobal
