
Microsoft Visual Studio Solution File, Format Version 12.00
# Visual Studio Version 17
VisualStudioVersion = 17.1.32421.90
MinimumVisualStudioVersion = 10.0.40219.1
Project("{FAE04EC0-301F-11D3-BF4B-00C04F79EFBC}") = "Collection", "Collection\Collection.csproj", "{8DEA4004-1FC2-4D60-AC28-0F6090594874}"
EndProject
Global
	GlobalSection(SolutionConfigurationPlatforms) = preSolution
		Debug|Any CPU = Debug|Any CPU
		Release|Any CPU = Release|Any CPU
	EndGlobalSection
	GlobalSection(ProjectConfigurationPlatforms) = postSolution
		{8DEA4004-1FC2-4D60-AC28-0F6090594874}.Debug|Any CPU.ActiveCfg = Debug|Any CPU
		{8DEA4004-1FC2-4D60-AC28-0F6090594874}.Debug|Any CPU.Build.0 = Debug|Any CPU
		{8DEA4004-1FC2-4D60-AC28-0F6090594874}.Release|Any CPU.ActiveCfg = Release|Any CPU
		{8DEA4004-1FC2-4D60-AC28-0F6090594874}.Release|Any CPU.Build.0 = Release|Any CPU
	EndGlobalSection
	GlobalSection(SolutionProperties) = preSolution
		HideSolutionNode = FALSE
	EndGlobalSection
	GlobalSection(ExtensibilityGlobals) = postSolution
		SolutionGuid = {90FD1D4D-5406-40A4-98A6-384A9EB9EEDC}
	EndGlobalSection
EndGlobal
