
Microsoft Visual Studio Solution File, Format Version 12.00
# Visual Studio Version 17
VisualStudioVersion = 17.1.32421.90
MinimumVisualStudioVersion = 10.0.40219.1
Project("{FAE04EC0-301F-11D3-BF4B-00C04F79EFBC}") = "Collection", "Collection\Collection.csproj", "{DF34406B-01CB-467B-95E9-74C8F89D00DA}"
EndProject
Global
	GlobalSection(SolutionConfigurationPlatforms) = preSolution
		Debug|Any CPU = Debug|Any CPU
		Release|Any CPU = Release|Any CPU
	EndGlobalSection
	GlobalSection(ProjectConfigurationPlatforms) = postSolution
		{DF34406B-01CB-467B-95E9-74C8F89D00DA}.Debug|Any CPU.ActiveCfg = Debug|Any CPU
		{DF34406B-01CB-467B-95E9-74C8F89D00DA}.Debug|Any CPU.Build.0 = Debug|Any CPU
		{DF34406B-01CB-467B-95E9-74C8F89D00DA}.Release|Any CPU.ActiveCfg = Release|Any CPU
		{DF34406B-01CB-467B-95E9-74C8F89D00DA}.Release|Any CPU.Build.0 = Release|Any CPU
	EndGlobalSection
	GlobalSection(SolutionProperties) = preSolution
		HideSolutionNode = FALSE
	EndGlobalSection
	GlobalSection(ExtensibilityGlobals) = postSolution
		SolutionGuid = {5D7B714C-BCAA-4799-B14E-25626A794676}
	EndGlobalSection
EndGlobal
